
Microsoft Visual Studio Solution File, Format Version 12.00
# Visual Studio Version 17
VisualStudioVersion = 17.0.31903.59
MinimumVisualStudioVersion = 10.0.40219.1
Project("{FAE04EC0-301F-11D3-BF4B-00C04F79EFBC}") = "SignalRService", "SignalRService\SignalRService.csproj", "{94675AB2-E71A-4EB3-9798-EC0E336B914B}"
EndProject
Project("{FAE04EC0-301F-11D3-BF4B-00C04F79EFBC}") = "UserService", "UserService\UserService.csproj", "{4D68B979-D2D9-4FCD-8802-E16682E37613}"
EndProject
Project("{FAE04EC0-301F-11D3-BF4B-00C04F79EFBC}") = "SettingsService", "SettingsService\SettingsService.csproj", "{1AFA2A7A-A66E-4AF6-ADAE-7AC7E255A681}"
EndProject
Project("{2150E333-8FDC-42A3-9474-1A3956D46DE8}") = "Tests", "Tests", "{C6785456-80C7-41A8-8EE3-0A9598323F93}"
EndProject
Project("{FAE04EC0-301F-11D3-BF4B-00C04F79EFBC}") = "Gateway.Test", "Tests\Gateway.Test\Gateway.Test.csproj", "{5D3496B9-7A09-4333-9C7F-8C51F55B6EA1}"
EndProject
Project("{FAE04EC0-301F-11D3-BF4B-00C04F79EFBC}") = "SettingsService.Test", "Tests\SettingsService.Test\SettingsService.Test.csproj", "{AB0C3CC7-9065-49CC-BC8D-15FFA9DED809}"
EndProject
Project("{FAE04EC0-301F-11D3-BF4B-00C04F79EFBC}") = "SignalRService.Test", "Tests\SignalRService.Test\SignalRService.Test.csproj", "{090FF901-E989-47E5-A0EB-FD2284637E85}"
EndProject
Project("{FAE04EC0-301F-11D3-BF4B-00C04F79EFBC}") = "UserService.Test", "Tests\UserService.Test\UserService.Test.csproj", "{078E797E-909B-4B73-A15E-BEF86CB1E6DF}"
EndProject
Global
	GlobalSection(SolutionProperties) = preSolution
		HideSolutionNode = FALSE
	EndGlobalSection
	GlobalSection(SolutionConfigurationPlatforms) = preSolution
		Debug|Any CPU = Debug|Any CPU
		Debug|x64 = Debug|x64
		Debug|x86 = Debug|x86
		Release|Any CPU = Release|Any CPU
		Release|x64 = Release|x64
		Release|x86 = Release|x86
	EndGlobalSection
	GlobalSection(ProjectConfigurationPlatforms) = postSolution
		{94675AB2-E71A-4EB3-9798-EC0E336B914B}.Debug|Any CPU.ActiveCfg = Debug|Any CPU
		{94675AB2-E71A-4EB3-9798-EC0E336B914B}.Debug|Any CPU.Build.0 = Debug|Any CPU
		{94675AB2-E71A-4EB3-9798-EC0E336B914B}.Debug|x64.ActiveCfg = Debug|Any CPU
		{94675AB2-E71A-4EB3-9798-EC0E336B914B}.Debug|x64.Build.0 = Debug|Any CPU
		{94675AB2-E71A-4EB3-9798-EC0E336B914B}.Debug|x86.ActiveCfg = Debug|Any CPU
		{94675AB2-E71A-4EB3-9798-EC0E336B914B}.Debug|x86.Build.0 = Debug|Any CPU
		{94675AB2-E71A-4EB3-9798-EC0E336B914B}.Release|Any CPU.ActiveCfg = Release|Any CPU
		{94675AB2-E71A-4EB3-9798-EC0E336B914B}.Release|Any CPU.Build.0 = Release|Any CPU
		{94675AB2-E71A-4EB3-9798-EC0E336B914B}.Release|x64.ActiveCfg = Release|Any CPU
		{94675AB2-E71A-4EB3-9798-EC0E336B914B}.Release|x64.Build.0 = Release|Any CPU
		{94675AB2-E71A-4EB3-9798-EC0E336B914B}.Release|x86.ActiveCfg = Release|Any CPU
		{94675AB2-E71A-4EB3-9798-EC0E336B914B}.Release|x86.Build.0 = Release|Any CPU
		{4D68B979-D2D9-4FCD-8802-E16682E37613}.Debug|Any CPU.ActiveCfg = Debug|Any CPU
		{4D68B979-D2D9-4FCD-8802-E16682E37613}.Debug|Any CPU.Build.0 = Debug|Any CPU
		{4D68B979-D2D9-4FCD-8802-E16682E37613}.Debug|x64.ActiveCfg = Debug|Any CPU
		{4D68B979-D2D9-4FCD-8802-E16682E37613}.Debug|x64.Build.0 = Debug|Any CPU
		{4D68B979-D2D9-4FCD-8802-E16682E37613}.Debug|x86.ActiveCfg = Debug|Any CPU
		{4D68B979-D2D9-4FCD-8802-E16682E37613}.Debug|x86.Build.0 = Debug|Any CPU
		{4D68B979-D2D9-4FCD-8802-E16682E37613}.Release|Any CPU.ActiveCfg = Release|Any CPU
		{4D68B979-D2D9-4FCD-8802-E16682E37613}.Release|Any CPU.Build.0 = Release|Any CPU
		{4D68B979-D2D9-4FCD-8802-E16682E37613}.Release|x64.ActiveCfg = Release|Any CPU
		{4D68B979-D2D9-4FCD-8802-E16682E37613}.Release|x64.Build.0 = Release|Any CPU
		{4D68B979-D2D9-4FCD-8802-E16682E37613}.Release|x86.ActiveCfg = Release|Any CPU
		{4D68B979-D2D9-4FCD-8802-E16682E37613}.Release|x86.Build.0 = Release|Any CPU
		{1AFA2A7A-A66E-4AF6-ADAE-7AC7E255A681}.Debug|Any CPU.ActiveCfg = Debug|Any CPU
		{1AFA2A7A-A66E-4AF6-ADAE-7AC7E255A681}.Debug|Any CPU.Build.0 = Debug|Any CPU
		{1AFA2A7A-A66E-4AF6-ADAE-7AC7E255A681}.Debug|x64.ActiveCfg = Debug|Any CPU
		{1AFA2A7A-A66E-4AF6-ADAE-7AC7E255A681}.Debug|x64.Build.0 = Debug|Any CPU
		{1AFA2A7A-A66E-4AF6-ADAE-7AC7E255A681}.Debug|x86.ActiveCfg = Debug|Any CPU
		{1AFA2A7A-A66E-4AF6-ADAE-7AC7E255A681}.Debug|x86.Build.0 = Debug|Any CPU
		{1AFA2A7A-A66E-4AF6-ADAE-7AC7E255A681}.Release|Any CPU.ActiveCfg = Release|Any CPU
		{1AFA2A7A-A66E-4AF6-ADAE-7AC7E255A681}.Release|Any CPU.Build.0 = Release|Any CPU
		{1AFA2A7A-A66E-4AF6-ADAE-7AC7E255A681}.Release|x64.ActiveCfg = Release|Any CPU
		{1AFA2A7A-A66E-4AF6-ADAE-7AC7E255A681}.Release|x64.Build.0 = Release|Any CPU
		{1AFA2A7A-A66E-4AF6-ADAE-7AC7E255A681}.Release|x86.ActiveCfg = Release|Any CPU
		{1AFA2A7A-A66E-4AF6-ADAE-7AC7E255A681}.Release|x86.Build.0 = Release|Any CPU
		{5D3496B9-7A09-4333-9C7F-8C51F55B6EA1}.Debug|Any CPU.ActiveCfg = Debug|Any CPU
		{5D3496B9-7A09-4333-9C7F-8C51F55B6EA1}.Debug|Any CPU.Build.0 = Debug|Any CPU
		{5D3496B9-7A09-4333-9C7F-8C51F55B6EA1}.Debug|x64.ActiveCfg = Debug|Any CPU
		{5D3496B9-7A09-4333-9C7F-8C51F55B6EA1}.Debug|x64.Build.0 = Debug|Any CPU
		{5D3496B9-7A09-4333-9C7F-8C51F55B6EA1}.Debug|x86.ActiveCfg = Debug|Any CPU
		{5D3496B9-7A09-4333-9C7F-8C51F55B6EA1}.Debug|x86.Build.0 = Debug|Any CPU
		{5D3496B9-7A09-4333-9C7F-8C51F55B6EA1}.Release|Any CPU.ActiveCfg = Release|Any CPU
		{5D3496B9-7A09-4333-9C7F-8C51F55B6EA1}.Release|Any CPU.Build.0 = Release|Any CPU
		{5D3496B9-7A09-4333-9C7F-8C51F55B6EA1}.Release|x64.ActiveCfg = Release|Any CPU
		{5D3496B9-7A09-4333-9C7F-8C51F55B6EA1}.Release|x64.Build.0 = Release|Any CPU
		{5D3496B9-7A09-4333-9C7F-8C51F55B6EA1}.Release|x86.ActiveCfg = Release|Any CPU
		{5D3496B9-7A09-4333-9C7F-8C51F55B6EA1}.Release|x86.Build.0 = Release|Any CPU
		{AB0C3CC7-9065-49CC-BC8D-15FFA9DED809}.Debug|Any CPU.ActiveCfg = Debug|Any CPU
		{AB0C3CC7-9065-49CC-BC8D-15FFA9DED809}.Debug|Any CPU.Build.0 = Debug|Any CPU
		{AB0C3CC7-9065-49CC-BC8D-15FFA9DED809}.Debug|x64.ActiveCfg = Debug|Any CPU
		{AB0C3CC7-9065-49CC-BC8D-15FFA9DED809}.Debug|x64.Build.0 = Debug|Any CPU
		{AB0C3CC7-9065-49CC-BC8D-15FFA9DED809}.Debug|x86.ActiveCfg = Debug|Any CPU
		{AB0C3CC7-9065-49CC-BC8D-15FFA9DED809}.Debug|x86.Build.0 = Debug|Any CPU
		{AB0C3CC7-9065-49CC-BC8D-15FFA9DED809}.Release|Any CPU.ActiveCfg = Release|Any CPU
		{AB0C3CC7-9065-49CC-BC8D-15FFA9DED809}.Release|Any CPU.Build.0 = Release|Any CPU
		{AB0C3CC7-9065-49CC-BC8D-15FFA9DED809}.Release|x64.ActiveCfg = Release|Any CPU
		{AB0C3CC7-9065-49CC-BC8D-15FFA9DED809}.Release|x64.Build.0 = Release|Any CPU
		{AB0C3CC7-9065-49CC-BC8D-15FFA9DED809}.Release|x86.ActiveCfg = Release|Any CPU
		{AB0C3CC7-9065-49CC-BC8D-15FFA9DED809}.Release|x86.Build.0 = Release|Any CPU
		{090FF901-E989-47E5-A0EB-FD2284637E85}.Debug|Any CPU.ActiveCfg = Debug|Any CPU
		{090FF901-E989-47E5-A0EB-FD2284637E85}.Debug|Any CPU.Build.0 = Debug|Any CPU
		{090FF901-E989-47E5-A0EB-FD2284637E85}.Debug|x64.ActiveCfg = Debug|Any CPU
		{090FF901-E989-47E5-A0EB-FD2284637E85}.Debug|x64.Build.0 = Debug|Any CPU
		{090FF901-E989-47E5-A0EB-FD2284637E85}.Debug|x86.ActiveCfg = Debug|Any CPU
		{090FF901-E989-47E5-A0EB-FD2284637E85}.Debug|x86.Build.0 = Debug|Any CPU
		{090FF901-E989-47E5-A0EB-FD2284637E85}.Release|Any CPU.ActiveCfg = Release|Any CPU
		{090FF901-E989-47E5-A0EB-FD2284637E85}.Release|Any CPU.Build.0 = Release|Any CPU
		{090FF901-E989-47E5-A0EB-FD2284637E85}.Release|x64.ActiveCfg = Release|Any CPU
		{090FF901-E989-47E5-A0EB-FD2284637E85}.Release|x64.Build.0 = Release|Any CPU
		{090FF901-E989-47E5-A0EB-FD2284637E85}.Release|x86.ActiveCfg = Release|Any CPU
		{090FF901-E989-47E5-A0EB-FD2284637E85}.Release|x86.Build.0 = Release|Any CPU
		{078E797E-909B-4B73-A15E-BEF86CB1E6DF}.Debug|Any CPU.ActiveCfg = Debug|Any CPU
		{078E797E-909B-4B73-A15E-BEF86CB1E6DF}.Debug|Any CPU.Build.0 = Debug|Any CPU
		{078E797E-909B-4B73-A15E-BEF86CB1E6DF}.Debug|x64.ActiveCfg = Debug|Any CPU
		{078E797E-909B-4B73-A15E-BEF86CB1E6DF}.Debug|x64.Build.0 = Debug|Any CPU
		{078E797E-909B-4B73-A15E-BEF86CB1E6DF}.Debug|x86.ActiveCfg = Debug|Any CPU
		{078E797E-909B-4B73-A15E-BEF86CB1E6DF}.Debug|x86.Build.0 = Debug|Any CPU
		{078E797E-909B-4B73-A15E-BEF86CB1E6DF}.Release|Any CPU.ActiveCfg = Release|Any CPU
		{078E797E-909B-4B73-A15E-BEF86CB1E6DF}.Release|Any CPU.Build.0 = Release|Any CPU
		{078E797E-909B-4B73-A15E-BEF86CB1E6DF}.Release|x64.ActiveCfg = Release|Any CPU
		{078E797E-909B-4B73-A15E-BEF86CB1E6DF}.Release|x64.Build.0 = Release|Any CPU
		{078E797E-909B-4B73-A15E-BEF86CB1E6DF}.Release|x86.ActiveCfg = Release|Any CPU
		{078E797E-909B-4B73-A15E-BEF86CB1E6DF}.Release|x86.Build.0 = Release|Any CPU
	EndGlobalSection
	GlobalSection(NestedProjects) = preSolution
		{5D3496B9-7A09-4333-9C7F-8C51F55B6EA1} = {C6785456-80C7-41A8-8EE3-0A9598323F93}
		{AB0C3CC7-9065-49CC-BC8D-15FFA9DED809} = {C6785456-80C7-41A8-8EE3-0A9598323F93}
		{090FF901-E989-47E5-A0EB-FD2284637E85} = {C6785456-80C7-41A8-8EE3-0A9598323F93}
		{078E797E-909B-4B73-A15E-BEF86CB1E6DF} = {C6785456-80C7-41A8-8EE3-0A9598323F93}
	EndGlobalSection
EndGlobal
